// !$*UTF8*$!
{
	archiveVersion = 1;
	classes = {
	};
	objectVersion = 48;
	objects = {

/* Begin PBXBuildFile section */
		4C54BD861F0A9DF800C32187 /* AppDelegate.m in Sources */ = {isa = PBXBuildFile; fileRef = 4C54BD851F0A9DF800C32187 /* AppDelegate.m */; };
		4C54BD891F0A9DF800C32187 /* ViewController.m in Sources */ = {isa = PBXBuildFile; fileRef = 4C54BD881F0A9DF800C32187 /* ViewController.m */; };
		4C54BD8C1F0A9DF800C32187 /* Main.storyboard in Resources */ = {isa = PBXBuildFile; fileRef = 4C54BD8A1F0A9DF800C32187 /* Main.storyboard */; };
		4C54BD8E1F0A9DF800C32187 /* Assets.xcassets in Resources */ = {isa = PBXBuildFile; fileRef = 4C54BD8D1F0A9DF800C32187 /* Assets.xcassets */; };
		4C54BD911F0A9DF800C32187 /* LaunchScreen.storyboard in Resources */ = {isa = PBXBuildFile; fileRef = 4C54BD8F1F0A9DF800C32187 /* LaunchScreen.storyboard */; };
		4C54BD941F0A9DF800C32187 /* main.m in Sources */ = {isa = PBXBuildFile; fileRef = 4C54BD931F0A9DF800C32187 /* main.m */; };
/* End PBXBuildFile section */

/* Begin PBXFileReference section */
		4C54BD811F0A9DF800C32187 /* QuickHelpForDeprecatedMethods.app */ = {isa = PBXFileReference; explicitFileType = wrapper.application; includeInIndex = 0; path = QuickHelpForDeprecatedMethods.app; sourceTree = BUILT_PRODUCTS_DIR; };
		4C54BD841F0A9DF800C32187 /* AppDelegate.h */ = {isa = PBXFileReference; lastKnownFileType = sourcecode.c.h; path = AppDelegate.h; sourceTree = "<group>"; };
		4C54BD851F0A9DF800C32187 /* AppDelegate.m */ = {isa = PBXFileReference; lastKnownFileType = sourcecode.c.objc; path = AppDelegate.m; sourceTree = "<group>"; };
		4C54BD871F0A9DF800C32187 /* ViewController.h */ = {isa = PBXFileReference; lastKnownFileType = sourcecode.c.h; path = ViewController.h; sourceTree = "<group>"; };
		4C54BD881F0A9DF800C32187 /* ViewController.m */ = {isa = PBXFileReference; lastKnownFileType = sourcecode.c.objc; path = ViewController.m; sourceTree = "<group>"; };
		4C54BD8B1F0A9DF800C32187 /* Base */ = {isa = PBXFileReference; lastKnownFileType = file.storyboard; name = Base; path = Base.lproj/Main.storyboard; sourceTree = "<group>"; };
		4C54BD8D1F0A9DF800C32187 /* Assets.xcassets */ = {isa = PBXFileReference; lastKnownFileType = folder.assetcatalog; path = Assets.xcassets; sourceTree = "<group>"; };
		4C54BD901F0A9DF800C32187 /* Base */ = {isa = PBXFileReference; lastKnownFileType = file.storyboard; name = Base; path = Base.lproj/LaunchScreen.storyboard; sourceTree = "<group>"; };
		4C54BD921F0A9DF800C32187 /* Info.plist */ = {isa = PBXFileReference; lastKnownFileType = text.plist.xml; path = Info.plist; sourceTree = "<group>"; };
		4C54BD931F0A9DF800C32187 /* main.m */ = {isa = PBXFileReference; lastKnownFileType = sourcecode.c.objc; path = main.m; sourceTree = "<group>"; };
/* End PBXFileReference section */

/* Begin PBXFrameworksBuildPhase section */
		4C54BD7E1F0A9DF800C32187 /* Frameworks */ = {
			isa = PBXFrameworksBuildPhase;
			buildActionMask = 2147483647;
			files = (
			);
			runOnlyForDeploymentPostprocessing = 0;
		};
/* End PBXFrameworksBuildPhase section */

/* Begin PBXGroup section */
		4C54BD781F0A9DF800C32187 = {
			isa = PBXGroup;
			children = (
				4C54BD831F0A9DF800C32187 /* QuickHelpForDeprecatedMethods */,
				4C54BD821F0A9DF800C32187 /* Products */,
			);
			sourceTree = "<group>";
		};
		4C54BD821F0A9DF800C32187 /* Products */ = {
			isa = PBXGroup;
			children = (
				4C54BD811F0A9DF800C32187 /* QuickHelpForDeprecatedMethods.app */,
			);
			name = Products;
			sourceTree = "<group>";
		};
		4C54BD831F0A9DF800C32187 /* QuickHelpForDeprecatedMethods */ = {
			isa = PBXGroup;
			children = (
				4C54BD841F0A9DF800C32187 /* AppDelegate.h */,
				4C54BD851F0A9DF800C32187 /* AppDelegate.m */,
				4C54BD871F0A9DF800C32187 /* ViewController.h */,
				4C54BD881F0A9DF800C32187 /* ViewController.m */,
				4C54BD8A1F0A9DF800C32187 /* Main.storyboard */,
				4C54BD8D1F0A9DF800C32187 /* Assets.xcassets */,
				4C54BD8F1F0A9DF800C32187 /* LaunchScreen.storyboard */,
				4C54BD921F0A9DF800C32187 /* Info.plist */,
				4C54BD931F0A9DF800C32187 /* main.m */,
			);
			path = QuickHelpForDeprecatedMethods;
			sourceTree = "<group>";
		};
/* End PBXGroup section */

/* Begin PBXNativeTarget section */
		4C54BD801F0A9DF800C32187 /* QuickHelpForDeprecatedMethods */ = {
			isa = PBXNativeTarget;
			buildConfigurationList = 4C54BD971F0A9DF800C32187 /* Build configuration list for PBXNativeTarget "QuickHelpForDeprecatedMethods" */;
			buildPhases = (
				4C54BD7D1F0A9DF800C32187 /* Sources */,
				4C54BD7E1F0A9DF800C32187 /* Frameworks */,
				4C54BD7F1F0A9DF800C32187 /* Resources */,
			);
			buildRules = (
			);
			dependencies = (
			);
			name = QuickHelpForDeprecatedMethods;
			productName = QuickHelpForDeprecatedMethods;
			productReference = 4C54BD811F0A9DF800C32187 /* QuickHelpForDeprecatedMethods.app */;
			productType = "com.apple.product-type.application";
		};
/* End PBXNativeTarget section */

/* Begin PBXProject section */
		4C54BD791F0A9DF800C32187 /* Project object */ = {
			isa = PBXProject;
			attributes = {
				LastUpgradeCheck = 0900;
				ORGANIZATIONNAME = bitecode;
				TargetAttributes = {
					4C54BD801F0A9DF800C32187 = {
						CreatedOnToolsVersion = 9.0;
					};
				};
			};
			buildConfigurationList = 4C54BD7C1F0A9DF800C32187 /* Build configuration list for PBXProject "QuickHelpForDeprecatedMethods" */;
			compatibilityVersion = "Xcode 8.0";
			developmentRegion = en;
			hasScannedForEncodings = 0;
			knownRegions = (
				en,
				Base,
			);
			mainGroup = 4C54BD781F0A9DF800C32187;
			productRefGroup = 4C54BD821F0A9DF800C32187 /* Products */;
			projectDirPath = "";
			projectRoot = "";
			targets = (
				4C54BD801F0A9DF800C32187 /* QuickHelpForDeprecatedMethods */,
			);
		};
/* End PBXProject section */

/* Begin PBXResourcesBuildPhase section */
		4C54BD7F1F0A9DF800C32187 /* Resources */ = {
			isa = PBXResourcesBuildPhase;
			buildActionMask = 2147483647;
			files = (
				4C54BD911F0A9DF800C32187 /* LaunchScreen.storyboard in Resources */,
				4C54BD8E1F0A9DF800C32187 /* Assets.xcassets in Resources */,
				4C54BD8C1F0A9DF800C32187 /* Main.storyboard in Resources */,
			);
			runOnlyForDeploymentPostprocessing = 0;
		};
/* End PBXResourcesBuildPhase section */

/* Begin PBXSourcesBuildPhase section */
		4C54BD7D1F0A9DF800C32187 /* Sources */ = {
			isa = PBXSourcesBuildPhase;
			buildActionMask = 2147483647;
			files = (
				4C54BD891F0A9DF800C32187 /* ViewController.m in Sources */,
				4C54BD941F0A9DF800C32187 /* main.m in Sources */,
				4C54BD861F0A9DF800C32187 /* AppDelegate.m in Sources */,
			);
			runOnlyForDeploymentPostprocessing = 0;
		};
/* End PBXSourcesBuildPhase section */

/* Begin PBXVariantGroup section */
		4C54BD8A1F0A9DF800C32187 /* Main.storyboard */ = {
			isa = PBXVariantGroup;
			children = (
				4C54BD8B1F0A9DF800C32187 /* Base */,
			);
			name = Main.storyboard;
			sourceTree = "<group>";
		};
		4C54BD8F1F0A9DF800C32187 /* LaunchScreen.storyboard */ = {
			isa = PBXVariantGroup;
			children = (
				4C54BD901F0A9DF800C32187 /* Base */,
			);
			name = LaunchScreen.storyboard;
			sourceTree = "<group>";
		};
/* End PBXVariantGroup section */

/* Begin XCBuildConfiguration section */
		4C54BD951F0A9DF800C32187 /* Debug */ = {
			isa = XCBuildConfiguration;
			buildSettings = {
				ALWAYS_SEARCH_USER_PATHS = NO;
				CLANG_ANALYZER_NONNULL = YES;
				CLANG_ANALYZER_NUMBER_OBJECT_CONVERSION = YES_AGGRESSIVE;
				CLANG_CXX_LANGUAGE_STANDARD = "gnu++14";
				CLANG_CXX_LIBRARY = "libc++";
				CLANG_ENABLE_MODULES = YES;
				CLANG_ENABLE_OBJC_ARC = YES;
				CLANG_WARN_BLOCK_CAPTURE_AUTORELEASING = YES;
				CLANG_WARN_BOOL_CONVERSION = YES;
				CLANG_WARN_COMMA = YES;
				CLANG_WARN_CONSTANT_CONVERSION = YES;
				CLANG_WARN_DIRECT_OBJC_ISA_USAGE = YES_ERROR;
				CLANG_WARN_DOCUMENTATION_COMMENTS = YES;
				CLANG_WARN_EMPTY_BODY = YES;
				CLANG_WARN_ENUM_CONVERSION = YES;
				CLANG_WARN_INFINITE_RECURSION = YES;
				CLANG_WARN_INT_CONVERSION = YES;
				CLANG_WARN_OBJC_ROOT_CLASS = YES_ERROR;
				CLANG_WARN_RANGE_LOOP_ANALYSIS = YES;
				CLANG_WARN_STRICT_PROTOTYPES = YES;
				CLANG_WARN_SUSPICIOUS_MOVE = YES;
				CLANG_WARN_UNGUARDED_AVAILABILITY = YES_AGGRESSIVE;
				CLANG_WARN_UNREACHABLE_CODE = YES;
				CLANG_WARN__DUPLICATE_METHOD_MATCH = YES;
				CODE_SIGN_IDENTITY = "iPhone Developer";
				COPY_PHASE_STRIP = NO;
				DEBUG_INFORMATION_FORMAT = dwarf;
				ENABLE_STRICT_OBJC_MSGSEND = YES;
				ENABLE_TESTABILITY = YES;
				GCC_C_LANGUAGE_STANDARD = gnu11;
				GCC_DYNAMIC_NO_PIC = NO;
				GCC_NO_COMMON_BLOCKS = YES;
				GCC_OPTIMIZATION_LEVEL = 0;
				GCC_PREPROCESSOR_DEFINITIONS = (
					"DEBUG=1",
					"$(inherited)",
				);
				GCC_WARN_64_TO_32_BIT_CONVERSION = YES;
				GCC_WARN_ABOUT_RETURN_TYPE = YES_ERROR;
				GCC_WARN_UNDECLARED_SELECTOR = YES;
				GCC_WARN_UNINITIALIZED_AUTOS = YES_AGGRESSIVE;
				GCC_WARN_UNUSED_FUNCTION = YES;
				GCC_WARN_UNUSED_VARIABLE = YES;
				IPHONEOS_DEPLOYMENT_TARGET = 11.0;
				MTL_ENABLE_DEBUG_INFO = YES;
				ONLY_ACTIVE_ARCH = YES;
				SDKROOT = iphoneos;
			};
			name = Debug;
		};
		4C54BD961F0A9DF800C32187 /* Release */ = {
			isa = XCBuildConfiguration;
			buildSettings = {
				ALWAYS_SEARCH_USER_PATHS = NO;
				CLANG_ANALYZER_NONNULL = YES;
				CLANG_ANALYZER_NUMBER_OBJECT_CONVERSION = YES_AGGRESSIVE;
				CLANG_CXX_LANGUAGE_STANDARD = "gnu++14";
				CLANG_CXX_LIBRARY = "libc++";
				CLANG_ENABLE_MODULES = YES;
				CLANG_ENABLE_OBJC_ARC = YES;
				CLANG_WARN_BLOCK_CAPTURE_AUTORELEASING = YES;
				CLANG_WARN_BOOL_CONVERSION = YES;
				CLANG_WARN_COMMA = YES;
				CLANG_WARN_CONSTANT_CONVERSION = YES;
				CLANG_WARN_DIRECT_OBJC_ISA_USAGE = YES_ERROR;
				CLANG_WARN_DOCUMENTATION_COMMENTS = YES;
				CLANG_WARN_EMPTY_BODY = YES;
				CLANG_WARN_ENUM_CONVERSION = YES;
				CLANG_WARN_INFINITE_RECURSION = YES;
				CLANG_WARN_INT_CONVERSION = YES;
				CLANG_WARN_OBJC_ROOT_CLASS = YES_ERROR;
				CLANG_WARN_RANGE_LOOP_ANALYSIS = YES;
				CLANG_WARN_STRICT_PROTOTYPES = YES;
				CLANG_WARN_SUSPICIOUS_MOVE = YES;
				CLANG_WARN_UNGUARDED_AVAILABILITY = YES_AGGRESSIVE;
				CLANG_WARN_UNREACHABLE_CODE = YES;
				CLANG_WARN__DUPLICATE_METHOD_MATCH = YES;
				CODE_SIGN_IDENTITY = "iPhone Developer";
				COPY_PHASE_STRIP = NO;
				DEBUG_INFORMATION_FORMAT = "dwarf-with-dsym";
				ENABLE_NS_ASSERTIONS = NO;
				ENABLE_STRICT_OBJC_MSGSEND = YES;
				GCC_C_LANGUAGE_STANDARD = gnu11;
				GCC_NO_COMMON_BLOCKS = YES;
				GCC_WARN_64_TO_32_BIT_CONVERSION = YES;
				GCC_WARN_ABOUT_RETURN_TYPE = YES_ERROR;
				GCC_WARN_UNDECLARED_SELECTOR = YES;
				GCC_WARN_UNINITIALIZED_AUTOS = YES_AGGRESSIVE;
				GCC_WARN_UNUSED_FUNCTION = YES;
				GCC_WARN_UNUSED_VARIABLE = YES;
				IPHONEOS_DEPLOYMENT_TARGET = 11.0;
				MTL_ENABLE_DEBUG_INFO = NO;
				SDKROOT = iphoneos;
				VALIDATE_PRODUCT = YES;
			};
			name = Release;
		};
		4C54BD981F0A9DF800C32187 /* Debug */ = {
			isa = XCBuildConfiguration;
			buildSettings = {
				ASSETCATALOG_COMPILER_APPICON_NAME = AppIcon;
				INFOPLIST_FILE = QuickHelpForDeprecatedMethods/Info.plist;
				LD_RUNPATH_SEARCH_PATHS = "$(inherited) @executable_path/Frameworks";
				PRODUCT_BUNDLE_IDENTIFIER = org.bitecode.QuickHelpForDeprecatedMethods;
				PRODUCT_NAME = "$(TARGET_NAME)";
				TARGETED_DEVICE_FAMILY = "1,2";
			};
			name = Debug;
		};
		4C54BD991F0A9DF800C32187 /* Release */ = {
			isa = XCBuildConfiguration;
			buildSettings = {
				ASSETCATALOG_COMPILER_APPICON_NAME = AppIcon;
				INFOPLIST_FILE = QuickHelpForDeprecatedMethods/Info.plist;
				LD_RUNPATH_SEARCH_PATHS = "$(inherited) @executable_path/Frameworks";
				PRODUCT_BUNDLE_IDENTIFIER = org.bitecode.QuickHelpForDeprecatedMethods;
				PRODUCT_NAME = "$(TARGET_NAME)";
				TARGETED_DEVICE_FAMILY = "1,2";
			};
			name = Release;
		};
/* End XCBuildConfiguration section */

/* Begin XCConfigurationList section */
		4C54BD7C1F0A9DF800C32187 /* Build configuration list for PBXProject "QuickHelpForDeprecatedMethods" */ = {
			isa = XCConfigurationList;
			buildConfigurations = (
				4C54BD951F0A9DF800C32187 /* Debug */,
				4C54BD961F0A9DF800C32187 /* Release */,
			);
			defaultConfigurationIsVisible = 0;
			defaultConfigurationName = Release;
		};
		4C54BD971F0A9DF800C32187 /* Build configuration list for PBXNativeTarget "QuickHelpForDeprecatedMethods" */ = {
			isa = XCConfigurationList;
			buildConfigurations = (
				4C54BD981F0A9DF800C32187 /* Debug */,
				4C54BD991F0A9DF800C32187 /* Release */,
			);
			defaultConfigurationIsVisible = 0;
		};
/* End XCConfigurationList section */
	};
	rootObject = 4C54BD791F0A9DF800C32187 /* Project object */;
}
