// !$*UTF8*$!
{
	archiveVersion = 1;
	classes = {
	};
	objectVersion = 46;
	objects = {

/* Begin PBXBuildFile section */
		796041441C3C157500BE018A /* main.m in Sources */ = {isa = PBXBuildFile; fileRef = 796041431C3C157500BE018A /* main.m */; };
		796041471C3C157500BE018A /* AppDelegate.m in Sources */ = {isa = PBXBuildFile; fileRef = 796041461C3C157500BE018A /* AppDelegate.m */; };
		7960414A1C3C157500BE018A /* ViewController.m in Sources */ = {isa = PBXBuildFile; fileRef = 796041491C3C157500BE018A /* ViewController.m */; };
		7960414D1C3C157500BE018A /* Main.storyboard in Resources */ = {isa = PBXBuildFile; fileRef = 7960414B1C3C157500BE018A /* Main.storyboard */; };
		7960414F1C3C157500BE018A /* Assets.xcassets in Resources */ = {isa = PBXBuildFile; fileRef = 7960414E1C3C157500BE018A /* Assets.xcassets */; };
		796041521C3C157500BE018A /* LaunchScreen.storyboard in Resources */ = {isa = PBXBuildFile; fileRef = 796041501C3C157500BE018A /* LaunchScreen.storyboard */; };
		7960415A1C3C174E00BE018A /* Wait-for-it.jpg in Resources */ = {isa = PBXBuildFile; fileRef = 796041591C3C174E00BE018A /* Wait-for-it.jpg */; };
/* End PBXBuildFile section */

/* Begin PBXFileReference section */
		7960413F1C3C157500BE018A /* SpringBoardCrash.app */ = {isa = PBXFileReference; explicitFileType = wrapper.application; includeInIndex = 0; path = SpringBoardCrash.app; sourceTree = BUILT_PRODUCTS_DIR; };
		796041431C3C157500BE018A /* main.m */ = {isa = PBXFileReference; lastKnownFileType = sourcecode.c.objc; path = main.m; sourceTree = "<group>"; };
		796041451C3C157500BE018A /* AppDelegate.h */ = {isa = PBXFileReference; lastKnownFileType = sourcecode.c.h; path = AppDelegate.h; sourceTree = "<group>"; };
		796041461C3C157500BE018A /* AppDelegate.m */ = {isa = PBXFileReference; lastKnownFileType = sourcecode.c.objc; path = AppDelegate.m; sourceTree = "<group>"; };
		796041481C3C157500BE018A /* ViewController.h */ = {isa = PBXFileReference; lastKnownFileType = sourcecode.c.h; path = ViewController.h; sourceTree = "<group>"; };
		796041491C3C157500BE018A /* ViewController.m */ = {isa = PBXFileReference; lastKnownFileType = sourcecode.c.objc; path = ViewController.m; sourceTree = "<group>"; };
		7960414C1C3C157500BE018A /* Base */ = {isa = PBXFileReference; lastKnownFileType = file.storyboard; name = Base; path = Base.lproj/Main.storyboard; sourceTree = "<group>"; };
		7960414E1C3C157500BE018A /* Assets.xcassets */ = {isa = PBXFileReference; lastKnownFileType = folder.assetcatalog; path = Assets.xcassets; sourceTree = "<group>"; };
		796041511C3C157500BE018A /* Base */ = {isa = PBXFileReference; lastKnownFileType = file.storyboard; name = Base; path = Base.lproj/LaunchScreen.storyboard; sourceTree = "<group>"; };
		796041531C3C157500BE018A /* Info.plist */ = {isa = PBXFileReference; lastKnownFileType = text.plist.xml; path = Info.plist; sourceTree = "<group>"; };
		796041591C3C174E00BE018A /* Wait-for-it.jpg */ = {isa = PBXFileReference; lastKnownFileType = image.jpeg; path = "Wait-for-it.jpg"; sourceTree = "<group>"; };
/* End PBXFileReference section */

/* Begin PBXFrameworksBuildPhase section */
		7960413C1C3C157500BE018A /* Frameworks */ = {
			isa = PBXFrameworksBuildPhase;
			buildActionMask = 2147483647;
			files = (
			);
			runOnlyForDeploymentPostprocessing = 0;
		};
/* End PBXFrameworksBuildPhase section */

/* Begin PBXGroup section */
		796041361C3C157500BE018A = {
			isa = PBXGroup;
			children = (
				796041411C3C157500BE018A /* SpringBoardCrash */,
				796041401C3C157500BE018A /* Products */,
			);
			sourceTree = "<group>";
		};
		796041401C3C157500BE018A /* Products */ = {
			isa = PBXGroup;
			children = (
				7960413F1C3C157500BE018A /* SpringBoardCrash.app */,
			);
			name = Products;
			sourceTree = "<group>";
		};
		796041411C3C157500BE018A /* SpringBoardCrash */ = {
			isa = PBXGroup;
			children = (
				796041451C3C157500BE018A /* AppDelegate.h */,
				796041461C3C157500BE018A /* AppDelegate.m */,
				796041481C3C157500BE018A /* ViewController.h */,
				796041491C3C157500BE018A /* ViewController.m */,
				7960414B1C3C157500BE018A /* Main.storyboard */,
				7960414E1C3C157500BE018A /* Assets.xcassets */,
				796041501C3C157500BE018A /* LaunchScreen.storyboard */,
				796041531C3C157500BE018A /* Info.plist */,
				796041591C3C174E00BE018A /* Wait-for-it.jpg */,
				796041421C3C157500BE018A /* Supporting Files */,
			);
			path = SpringBoardCrash;
			sourceTree = "<group>";
		};
		796041421C3C157500BE018A /* Supporting Files */ = {
			isa = PBXGroup;
			children = (
				796041431C3C157500BE018A /* main.m */,
			);
			name = "Supporting Files";
			sourceTree = "<group>";
		};
/* End PBXGroup section */

/* Begin PBXNativeTarget section */
		7960413E1C3C157500BE018A /* SpringBoardCrash */ = {
			isa = PBXNativeTarget;
			buildConfigurationList = 796041561C3C157500BE018A /* Build configuration list for PBXNativeTarget "SpringBoardCrash" */;
			buildPhases = (
				7960413B1C3C157500BE018A /* Sources */,
				7960413C1C3C157500BE018A /* Frameworks */,
				7960413D1C3C157500BE018A /* Resources */,
			);
			buildRules = (
			);
			dependencies = (
			);
			name = SpringBoardCrash;
			productName = SpringBoardCrash;
			productReference = 7960413F1C3C157500BE018A /* SpringBoardCrash.app */;
			productType = "com.apple.product-type.application";
		};
/* End PBXNativeTarget section */

/* Begin PBXProject section */
		796041371C3C157500BE018A /* Project object */ = {
			isa = PBXProject;
			attributes = {
				LastUpgradeCheck = 0720;
				ORGANIZATIONNAME = HRS;
				TargetAttributes = {
					7960413E1C3C157500BE018A = {
						CreatedOnToolsVersion = 7.2;
					};
				};
			};
			buildConfigurationList = 7960413A1C3C157500BE018A /* Build configuration list for PBXProject "SpringBoardCrash" */;
			compatibilityVersion = "Xcode 3.2";
			developmentRegion = English;
			hasScannedForEncodings = 0;
			knownRegions = (
				en,
				Base,
			);
			mainGroup = 796041361C3C157500BE018A;
			productRefGroup = 796041401C3C157500BE018A /* Products */;
			projectDirPath = "";
			projectRoot = "";
			targets = (
				7960413E1C3C157500BE018A /* SpringBoardCrash */,
			);
		};
/* End PBXProject section */

/* Begin PBXResourcesBuildPhase section */
		7960413D1C3C157500BE018A /* Resources */ = {
			isa = PBXResourcesBuildPhase;
			buildActionMask = 2147483647;
			files = (
				796041521C3C157500BE018A /* LaunchScreen.storyboard in Resources */,
				7960415A1C3C174E00BE018A /* Wait-for-it.jpg in Resources */,
				7960414F1C3C157500BE018A /* Assets.xcassets in Resources */,
				7960414D1C3C157500BE018A /* Main.storyboard in Resources */,
			);
			runOnlyForDeploymentPostprocessing = 0;
		};
/* End PBXResourcesBuildPhase section */

/* Begin PBXSourcesBuildPhase section */
		7960413B1C3C157500BE018A /* Sources */ = {
			isa = PBXSourcesBuildPhase;
			buildActionMask = 2147483647;
			files = (
				7960414A1C3C157500BE018A /* ViewController.m in Sources */,
				796041471C3C157500BE018A /* AppDelegate.m in Sources */,
				796041441C3C157500BE018A /* main.m in Sources */,
			);
			runOnlyForDeploymentPostprocessing = 0;
		};
/* End PBXSourcesBuildPhase section */

/* Begin PBXVariantGroup section */
		7960414B1C3C157500BE018A /* Main.storyboard */ = {
			isa = PBXVariantGroup;
			children = (
				7960414C1C3C157500BE018A /* Base */,
			);
			name = Main.storyboard;
			sourceTree = "<group>";
		};
		796041501C3C157500BE018A /* LaunchScreen.storyboard */ = {
			isa = PBXVariantGroup;
			children = (
				796041511C3C157500BE018A /* Base */,
			);
			name = LaunchScreen.storyboard;
			sourceTree = "<group>";
		};
/* End PBXVariantGroup section */

/* Begin XCBuildConfiguration section */
		796041541C3C157500BE018A /* Debug */ = {
			isa = XCBuildConfiguration;
			buildSettings = {
				ALWAYS_SEARCH_USER_PATHS = NO;
				CLANG_CXX_LANGUAGE_STANDARD = "gnu++0x";
				CLANG_CXX_LIBRARY = "libc++";
				CLANG_ENABLE_MODULES = YES;
				CLANG_ENABLE_OBJC_ARC = YES;
				CLANG_WARN_BOOL_CONVERSION = YES;
				CLANG_WARN_CONSTANT_CONVERSION = YES;
				CLANG_WARN_DIRECT_OBJC_ISA_USAGE = YES_ERROR;
				CLANG_WARN_EMPTY_BODY = YES;
				CLANG_WARN_ENUM_CONVERSION = YES;
				CLANG_WARN_INT_CONVERSION = YES;
				CLANG_WARN_OBJC_ROOT_CLASS = YES_ERROR;
				CLANG_WARN_UNREACHABLE_CODE = YES;
				CLANG_WARN__DUPLICATE_METHOD_MATCH = YES;
				"CODE_SIGN_IDENTITY[sdk=iphoneos*]" = "iPhone Developer";
				COPY_PHASE_STRIP = NO;
				DEBUG_INFORMATION_FORMAT = dwarf;
				ENABLE_STRICT_OBJC_MSGSEND = YES;
				ENABLE_TESTABILITY = YES;
				GCC_C_LANGUAGE_STANDARD = gnu99;
				GCC_DYNAMIC_NO_PIC = NO;
				GCC_NO_COMMON_BLOCKS = YES;
				GCC_OPTIMIZATION_LEVEL = 0;
				GCC_PREPROCESSOR_DEFINITIONS = (
					"DEBUG=1",
					"$(inherited)",
				);
				GCC_WARN_64_TO_32_BIT_CONVERSION = YES;
				GCC_WARN_ABOUT_RETURN_TYPE = YES_ERROR;
				GCC_WARN_UNDECLARED_SELECTOR = YES;
				GCC_WARN_UNINITIALIZED_AUTOS = YES_AGGRESSIVE;
				GCC_WARN_UNUSED_FUNCTION = YES;
				GCC_WARN_UNUSED_VARIABLE = YES;
				IPHONEOS_DEPLOYMENT_TARGET = 9.2;
				MTL_ENABLE_DEBUG_INFO = YES;
				ONLY_ACTIVE_ARCH = YES;
				SDKROOT = iphoneos;
			};
			name = Debug;
		};
		796041551C3C157500BE018A /* Release */ = {
			isa = XCBuildConfiguration;
			buildSettings = {
				ALWAYS_SEARCH_USER_PATHS = NO;
				CLANG_CXX_LANGUAGE_STANDARD = "gnu++0x";
				CLANG_CXX_LIBRARY = "libc++";
				CLANG_ENABLE_MODULES = YES;
				CLANG_ENABLE_OBJC_ARC = YES;
				CLANG_WARN_BOOL_CONVERSION = YES;
				CLANG_WARN_CONSTANT_CONVERSION = YES;
				CLANG_WARN_DIRECT_OBJC_ISA_USAGE = YES_ERROR;
				CLANG_WARN_EMPTY_BODY = YES;
				CLANG_WARN_ENUM_CONVERSION = YES;
				CLANG_WARN_INT_CONVERSION = YES;
				CLANG_WARN_OBJC_ROOT_CLASS = YES_ERROR;
				CLANG_WARN_UNREACHABLE_CODE = YES;
				CLANG_WARN__DUPLICATE_METHOD_MATCH = YES;
				"CODE_SIGN_IDENTITY[sdk=iphoneos*]" = "iPhone Developer";
				COPY_PHASE_STRIP = NO;
				DEBUG_INFORMATION_FORMAT = "dwarf-with-dsym";
				ENABLE_NS_ASSERTIONS = NO;
				ENABLE_STRICT_OBJC_MSGSEND = YES;
				GCC_C_LANGUAGE_STANDARD = gnu99;
				GCC_NO_COMMON_BLOCKS = YES;
				GCC_WARN_64_TO_32_BIT_CONVERSION = YES;
				GCC_WARN_ABOUT_RETURN_TYPE = YES_ERROR;
				GCC_WARN_UNDECLARED_SELECTOR = YES;
				GCC_WARN_UNINITIALIZED_AUTOS = YES_AGGRESSIVE;
				GCC_WARN_UNUSED_FUNCTION = YES;
				GCC_WARN_UNUSED_VARIABLE = YES;
				IPHONEOS_DEPLOYMENT_TARGET = 9.2;
				MTL_ENABLE_DEBUG_INFO = NO;
				SDKROOT = iphoneos;
				VALIDATE_PRODUCT = YES;
			};
			name = Release;
		};
		796041571C3C157500BE018A /* Debug */ = {
			isa = XCBuildConfiguration;
			buildSettings = {
				ASSETCATALOG_COMPILER_APPICON_NAME = AppIcon;
				INFOPLIST_FILE = SpringBoardCrash/Info.plist;
				IPHONEOS_DEPLOYMENT_TARGET = 9.0;
				LD_RUNPATH_SEARCH_PATHS = "$(inherited) @executable_path/Frameworks";
				PRODUCT_BUNDLE_IDENTIFIER = de.hrs.SpringBoardCrash;
				PRODUCT_NAME = "$(TARGET_NAME)";
			};
			name = Debug;
		};
		796041581C3C157500BE018A /* Release */ = {
			isa = XCBuildConfiguration;
			buildSettings = {
				ASSETCATALOG_COMPILER_APPICON_NAME = AppIcon;
				INFOPLIST_FILE = SpringBoardCrash/Info.plist;
				IPHONEOS_DEPLOYMENT_TARGET = 9.0;
				LD_RUNPATH_SEARCH_PATHS = "$(inherited) @executable_path/Frameworks";
				PRODUCT_BUNDLE_IDENTIFIER = de.hrs.SpringBoardCrash;
				PRODUCT_NAME = "$(TARGET_NAME)";
			};
			name = Release;
		};
/* End XCBuildConfiguration section */

/* Begin XCConfigurationList section */
		7960413A1C3C157500BE018A /* Build configuration list for PBXProject "SpringBoardCrash" */ = {
			isa = XCConfigurationList;
			buildConfigurations = (
				796041541C3C157500BE018A /* Debug */,
				796041551C3C157500BE018A /* Release */,
			);
			defaultConfigurationIsVisible = 0;
			defaultConfigurationName = Release;
		};
		796041561C3C157500BE018A /* Build configuration list for PBXNativeTarget "SpringBoardCrash" */ = {
			isa = XCConfigurationList;
			buildConfigurations = (
				796041571C3C157500BE018A /* Debug */,
				796041581C3C157500BE018A /* Release */,
			);
			defaultConfigurationIsVisible = 0;
			defaultConfigurationName = Release;
		};
/* End XCConfigurationList section */
	};
	rootObject = 796041371C3C157500BE018A /* Project object */;
}
