// !$*UTF8*$!
{
	archiveVersion = 1;
	classes = {
	};
	objectVersion = 46;
	objects = {

/* Begin PBXBuildFile section */
		4C2818321C9BDC4B00359CB3 /* main.m in Sources */ = {isa = PBXBuildFile; fileRef = 4C2818311C9BDC4B00359CB3 /* main.m */; };
		4C2818351C9BDC4B00359CB3 /* AppDelegate.m in Sources */ = {isa = PBXBuildFile; fileRef = 4C2818341C9BDC4B00359CB3 /* AppDelegate.m */; };
		4C28183B1C9BDC4B00359CB3 /* Main.storyboard in Resources */ = {isa = PBXBuildFile; fileRef = 4C2818391C9BDC4B00359CB3 /* Main.storyboard */; };
		4C28183D1C9BDC4B00359CB3 /* Assets.xcassets in Resources */ = {isa = PBXBuildFile; fileRef = 4C28183C1C9BDC4B00359CB3 /* Assets.xcassets */; };
		4C2818401C9BDC4B00359CB3 /* LaunchScreen.storyboard in Resources */ = {isa = PBXBuildFile; fileRef = 4C28183E1C9BDC4B00359CB3 /* LaunchScreen.storyboard */; };
		4C2818491C9BDC7200359CB3 /* CollectionViewController.mm in Sources */ = {isa = PBXBuildFile; fileRef = 4C2818481C9BDC7200359CB3 /* CollectionViewController.mm */; };
/* End PBXBuildFile section */

/* Begin PBXFileReference section */
		4C28182D1C9BDC4B00359CB3 /* CollectionViewMovementSizing.app */ = {isa = PBXFileReference; explicitFileType = wrapper.application; includeInIndex = 0; path = CollectionViewMovementSizing.app; sourceTree = BUILT_PRODUCTS_DIR; };
		4C2818311C9BDC4B00359CB3 /* main.m */ = {isa = PBXFileReference; lastKnownFileType = sourcecode.c.objc; path = main.m; sourceTree = "<group>"; };
		4C2818331C9BDC4B00359CB3 /* AppDelegate.h */ = {isa = PBXFileReference; lastKnownFileType = sourcecode.c.h; path = AppDelegate.h; sourceTree = "<group>"; };
		4C2818341C9BDC4B00359CB3 /* AppDelegate.m */ = {isa = PBXFileReference; lastKnownFileType = sourcecode.c.objc; path = AppDelegate.m; sourceTree = "<group>"; };
		4C28183A1C9BDC4B00359CB3 /* Base */ = {isa = PBXFileReference; lastKnownFileType = file.storyboard; name = Base; path = Base.lproj/Main.storyboard; sourceTree = "<group>"; };
		4C28183C1C9BDC4B00359CB3 /* Assets.xcassets */ = {isa = PBXFileReference; lastKnownFileType = folder.assetcatalog; path = Assets.xcassets; sourceTree = "<group>"; };
		4C28183F1C9BDC4B00359CB3 /* Base */ = {isa = PBXFileReference; lastKnownFileType = file.storyboard; name = Base; path = Base.lproj/LaunchScreen.storyboard; sourceTree = "<group>"; };
		4C2818411C9BDC4B00359CB3 /* Info.plist */ = {isa = PBXFileReference; lastKnownFileType = text.plist.xml; path = Info.plist; sourceTree = "<group>"; };
		4C2818471C9BDC7200359CB3 /* CollectionViewController.h */ = {isa = PBXFileReference; fileEncoding = 4; lastKnownFileType = sourcecode.c.h; path = CollectionViewController.h; sourceTree = "<group>"; };
		4C2818481C9BDC7200359CB3 /* CollectionViewController.mm */ = {isa = PBXFileReference; fileEncoding = 4; lastKnownFileType = sourcecode.cpp.objcpp; path = CollectionViewController.mm; sourceTree = "<group>"; };
/* End PBXFileReference section */

/* Begin PBXFrameworksBuildPhase section */
		4C28182A1C9BDC4B00359CB3 /* Frameworks */ = {
			isa = PBXFrameworksBuildPhase;
			buildActionMask = 2147483647;
			files = (
			);
			runOnlyForDeploymentPostprocessing = 0;
		};
/* End PBXFrameworksBuildPhase section */

/* Begin PBXGroup section */
		4C2818241C9BDC4B00359CB3 = {
			isa = PBXGroup;
			children = (
				4C28182F1C9BDC4B00359CB3 /* CollectionViewMovementSizing */,
				4C28182E1C9BDC4B00359CB3 /* Products */,
			);
			sourceTree = "<group>";
		};
		4C28182E1C9BDC4B00359CB3 /* Products */ = {
			isa = PBXGroup;
			children = (
				4C28182D1C9BDC4B00359CB3 /* CollectionViewMovementSizing.app */,
			);
			name = Products;
			sourceTree = "<group>";
		};
		4C28182F1C9BDC4B00359CB3 /* CollectionViewMovementSizing */ = {
			isa = PBXGroup;
			children = (
				4C2818331C9BDC4B00359CB3 /* AppDelegate.h */,
				4C2818341C9BDC4B00359CB3 /* AppDelegate.m */,
				4C2818471C9BDC7200359CB3 /* CollectionViewController.h */,
				4C2818481C9BDC7200359CB3 /* CollectionViewController.mm */,
				4C2818391C9BDC4B00359CB3 /* Main.storyboard */,
				4C28183C1C9BDC4B00359CB3 /* Assets.xcassets */,
				4C28183E1C9BDC4B00359CB3 /* LaunchScreen.storyboard */,
				4C2818411C9BDC4B00359CB3 /* Info.plist */,
				4C2818301C9BDC4B00359CB3 /* Supporting Files */,
			);
			path = CollectionViewMovementSizing;
			sourceTree = "<group>";
		};
		4C2818301C9BDC4B00359CB3 /* Supporting Files */ = {
			isa = PBXGroup;
			children = (
				4C2818311C9BDC4B00359CB3 /* main.m */,
			);
			name = "Supporting Files";
			sourceTree = "<group>";
		};
/* End PBXGroup section */

/* Begin PBXNativeTarget section */
		4C28182C1C9BDC4B00359CB3 /* CollectionViewMovementSizing */ = {
			isa = PBXNativeTarget;
			buildConfigurationList = 4C2818441C9BDC4B00359CB3 /* Build configuration list for PBXNativeTarget "CollectionViewMovementSizing" */;
			buildPhases = (
				4C2818291C9BDC4B00359CB3 /* Sources */,
				4C28182A1C9BDC4B00359CB3 /* Frameworks */,
				4C28182B1C9BDC4B00359CB3 /* Resources */,
			);
			buildRules = (
			);
			dependencies = (
			);
			name = CollectionViewMovementSizing;
			productName = CollectionViewMovementSizing;
			productReference = 4C28182D1C9BDC4B00359CB3 /* CollectionViewMovementSizing.app */;
			productType = "com.apple.product-type.application";
		};
/* End PBXNativeTarget section */

/* Begin PBXProject section */
		4C2818251C9BDC4B00359CB3 /* Project object */ = {
			isa = PBXProject;
			attributes = {
				LastUpgradeCheck = 0720;
				ORGANIZATIONNAME = bitecode;
				TargetAttributes = {
					4C28182C1C9BDC4B00359CB3 = {
						CreatedOnToolsVersion = 7.2.1;
					};
				};
			};
			buildConfigurationList = 4C2818281C9BDC4B00359CB3 /* Build configuration list for PBXProject "CollectionViewMovementSizing" */;
			compatibilityVersion = "Xcode 3.2";
			developmentRegion = English;
			hasScannedForEncodings = 0;
			knownRegions = (
				en,
				Base,
			);
			mainGroup = 4C2818241C9BDC4B00359CB3;
			productRefGroup = 4C28182E1C9BDC4B00359CB3 /* Products */;
			projectDirPath = "";
			projectRoot = "";
			targets = (
				4C28182C1C9BDC4B00359CB3 /* CollectionViewMovementSizing */,
			);
		};
/* End PBXProject section */

/* Begin PBXResourcesBuildPhase section */
		4C28182B1C9BDC4B00359CB3 /* Resources */ = {
			isa = PBXResourcesBuildPhase;
			buildActionMask = 2147483647;
			files = (
				4C2818401C9BDC4B00359CB3 /* LaunchScreen.storyboard in Resources */,
				4C28183D1C9BDC4B00359CB3 /* Assets.xcassets in Resources */,
				4C28183B1C9BDC4B00359CB3 /* Main.storyboard in Resources */,
			);
			runOnlyForDeploymentPostprocessing = 0;
		};
/* End PBXResourcesBuildPhase section */

/* Begin PBXSourcesBuildPhase section */
		4C2818291C9BDC4B00359CB3 /* Sources */ = {
			isa = PBXSourcesBuildPhase;
			buildActionMask = 2147483647;
			files = (
				4C2818351C9BDC4B00359CB3 /* AppDelegate.m in Sources */,
				4C2818321C9BDC4B00359CB3 /* main.m in Sources */,
				4C2818491C9BDC7200359CB3 /* CollectionViewController.mm in Sources */,
			);
			runOnlyForDeploymentPostprocessing = 0;
		};
/* End PBXSourcesBuildPhase section */

/* Begin PBXVariantGroup section */
		4C2818391C9BDC4B00359CB3 /* Main.storyboard */ = {
			isa = PBXVariantGroup;
			children = (
				4C28183A1C9BDC4B00359CB3 /* Base */,
			);
			name = Main.storyboard;
			sourceTree = "<group>";
		};
		4C28183E1C9BDC4B00359CB3 /* LaunchScreen.storyboard */ = {
			isa = PBXVariantGroup;
			children = (
				4C28183F1C9BDC4B00359CB3 /* Base */,
			);
			name = LaunchScreen.storyboard;
			sourceTree = "<group>";
		};
/* End PBXVariantGroup section */

/* Begin XCBuildConfiguration section */
		4C2818421C9BDC4B00359CB3 /* Debug */ = {
			isa = XCBuildConfiguration;
			buildSettings = {
				ALWAYS_SEARCH_USER_PATHS = NO;
				CLANG_CXX_LANGUAGE_STANDARD = "gnu++0x";
				CLANG_CXX_LIBRARY = "libc++";
				CLANG_ENABLE_MODULES = YES;
				CLANG_ENABLE_OBJC_ARC = YES;
				CLANG_WARN_BOOL_CONVERSION = YES;
				CLANG_WARN_CONSTANT_CONVERSION = YES;
				CLANG_WARN_DIRECT_OBJC_ISA_USAGE = YES_ERROR;
				CLANG_WARN_EMPTY_BODY = YES;
				CLANG_WARN_ENUM_CONVERSION = YES;
				CLANG_WARN_INT_CONVERSION = YES;
				CLANG_WARN_OBJC_ROOT_CLASS = YES_ERROR;
				CLANG_WARN_UNREACHABLE_CODE = YES;
				CLANG_WARN__DUPLICATE_METHOD_MATCH = YES;
				"CODE_SIGN_IDENTITY[sdk=iphoneos*]" = "iPhone Developer";
				COPY_PHASE_STRIP = NO;
				DEBUG_INFORMATION_FORMAT = dwarf;
				ENABLE_STRICT_OBJC_MSGSEND = YES;
				ENABLE_TESTABILITY = YES;
				GCC_C_LANGUAGE_STANDARD = gnu99;
				GCC_DYNAMIC_NO_PIC = NO;
				GCC_NO_COMMON_BLOCKS = YES;
				GCC_OPTIMIZATION_LEVEL = 0;
				GCC_PREPROCESSOR_DEFINITIONS = (
					"DEBUG=1",
					"$(inherited)",
				);
				GCC_WARN_64_TO_32_BIT_CONVERSION = YES;
				GCC_WARN_ABOUT_RETURN_TYPE = YES_ERROR;
				GCC_WARN_UNDECLARED_SELECTOR = YES;
				GCC_WARN_UNINITIALIZED_AUTOS = YES_AGGRESSIVE;
				GCC_WARN_UNUSED_FUNCTION = YES;
				GCC_WARN_UNUSED_VARIABLE = YES;
				IPHONEOS_DEPLOYMENT_TARGET = 9.2;
				MTL_ENABLE_DEBUG_INFO = YES;
				ONLY_ACTIVE_ARCH = YES;
				SDKROOT = iphoneos;
				TARGETED_DEVICE_FAMILY = "1,2";
			};
			name = Debug;
		};
		4C2818431C9BDC4B00359CB3 /* Release */ = {
			isa = XCBuildConfiguration;
			buildSettings = {
				ALWAYS_SEARCH_USER_PATHS = NO;
				CLANG_CXX_LANGUAGE_STANDARD = "gnu++0x";
				CLANG_CXX_LIBRARY = "libc++";
				CLANG_ENABLE_MODULES = YES;
				CLANG_ENABLE_OBJC_ARC = YES;
				CLANG_WARN_BOOL_CONVERSION = YES;
				CLANG_WARN_CONSTANT_CONVERSION = YES;
				CLANG_WARN_DIRECT_OBJC_ISA_USAGE = YES_ERROR;
				CLANG_WARN_EMPTY_BODY = YES;
				CLANG_WARN_ENUM_CONVERSION = YES;
				CLANG_WARN_INT_CONVERSION = YES;
				CLANG_WARN_OBJC_ROOT_CLASS = YES_ERROR;
				CLANG_WARN_UNREACHABLE_CODE = YES;
				CLANG_WARN__DUPLICATE_METHOD_MATCH = YES;
				"CODE_SIGN_IDENTITY[sdk=iphoneos*]" = "iPhone Developer";
				COPY_PHASE_STRIP = NO;
				DEBUG_INFORMATION_FORMAT = "dwarf-with-dsym";
				ENABLE_NS_ASSERTIONS = NO;
				ENABLE_STRICT_OBJC_MSGSEND = YES;
				GCC_C_LANGUAGE_STANDARD = gnu99;
				GCC_NO_COMMON_BLOCKS = YES;
				GCC_WARN_64_TO_32_BIT_CONVERSION = YES;
				GCC_WARN_ABOUT_RETURN_TYPE = YES_ERROR;
				GCC_WARN_UNDECLARED_SELECTOR = YES;
				GCC_WARN_UNINITIALIZED_AUTOS = YES_AGGRESSIVE;
				GCC_WARN_UNUSED_FUNCTION = YES;
				GCC_WARN_UNUSED_VARIABLE = YES;
				IPHONEOS_DEPLOYMENT_TARGET = 9.2;
				MTL_ENABLE_DEBUG_INFO = NO;
				SDKROOT = iphoneos;
				TARGETED_DEVICE_FAMILY = "1,2";
				VALIDATE_PRODUCT = YES;
			};
			name = Release;
		};
		4C2818451C9BDC4B00359CB3 /* Debug */ = {
			isa = XCBuildConfiguration;
			buildSettings = {
				ASSETCATALOG_COMPILER_APPICON_NAME = AppIcon;
				INFOPLIST_FILE = CollectionViewMovementSizing/Info.plist;
				LD_RUNPATH_SEARCH_PATHS = "$(inherited) @executable_path/Frameworks";
				PRODUCT_BUNDLE_IDENTIFIER = org.bitecode.CollectionViewMovementSizing;
				PRODUCT_NAME = "$(TARGET_NAME)";
			};
			name = Debug;
		};
		4C2818461C9BDC4B00359CB3 /* Release */ = {
			isa = XCBuildConfiguration;
			buildSettings = {
				ASSETCATALOG_COMPILER_APPICON_NAME = AppIcon;
				INFOPLIST_FILE = CollectionViewMovementSizing/Info.plist;
				LD_RUNPATH_SEARCH_PATHS = "$(inherited) @executable_path/Frameworks";
				PRODUCT_BUNDLE_IDENTIFIER = org.bitecode.CollectionViewMovementSizing;
				PRODUCT_NAME = "$(TARGET_NAME)";
			};
			name = Release;
		};
/* End XCBuildConfiguration section */

/* Begin XCConfigurationList section */
		4C2818281C9BDC4B00359CB3 /* Build configuration list for PBXProject "CollectionViewMovementSizing" */ = {
			isa = XCConfigurationList;
			buildConfigurations = (
				4C2818421C9BDC4B00359CB3 /* Debug */,
				4C2818431C9BDC4B00359CB3 /* Release */,
			);
			defaultConfigurationIsVisible = 0;
			defaultConfigurationName = Release;
		};
		4C2818441C9BDC4B00359CB3 /* Build configuration list for PBXNativeTarget "CollectionViewMovementSizing" */ = {
			isa = XCConfigurationList;
			buildConfigurations = (
				4C2818451C9BDC4B00359CB3 /* Debug */,
				4C2818461C9BDC4B00359CB3 /* Release */,
			);
			defaultConfigurationIsVisible = 0;
		};
/* End XCConfigurationList section */
	};
	rootObject = 4C2818251C9BDC4B00359CB3 /* Project object */;
}
